
Microsoft Visual Studio Solution File, Format Version 12.00
Project("{FAE04EC0-301F-11D3-BF4B-00C04F79EFBC}") = "WeatherStation.Api", "WeatherStation.Api\WeatherStation.Api.csproj", "{D32A74C0-C652-4803-84F4-FB06561BA189}"
EndProject
Global
	GlobalSection(SolutionConfigurationPlatforms) = preSolution
		Debug|Any CPU = Debug|Any CPU
		Release|Any CPU = Release|Any CPU
	EndGlobalSection
	GlobalSection(ProjectConfigurationPlatforms) = postSolution
		{D32A74C0-C652-4803-84F4-FB06561BA189}.Debug|Any CPU.ActiveCfg = Debug|Any CPU
		{D32A74C0-C652-4803-84F4-FB06561BA189}.Debug|Any CPU.Build.0 = Debug|Any CPU
		{D32A74C0-C652-4803-84F4-FB06561BA189}.Release|Any CPU.ActiveCfg = Release|Any CPU
		{D32A74C0-C652-4803-84F4-FB06561BA189}.Release|Any CPU.Build.0 = Release|Any CPU
	EndGlobalSection
EndGlobal
